
Microsoft Visual Studio Solution File, Format Version 12.00
# Visual Studio Version 16
VisualStudioVersion = 16.0.31205.134
MinimumVisualStudioVersion = 10.0.40219.1
Project("{FAE04EC0-301F-11D3-BF4B-00C04F79EFBC}") = "net_core-regex", "net_core-regex.csproj", "{D0AF384B-BBFF-451F-986E-2780521C06E4}"
EndProject
Global
	GlobalSection(SolutionConfigurationPlatforms) = preSolution
		Debug|Any CPU = Debug|Any CPU
		Release|Any CPU = Release|Any CPU
	EndGlobalSection
	GlobalSection(ProjectConfigurationPlatforms) = postSolution
		{D0AF384B-BBFF-451F-986E-2780521C06E4}.Debug|Any CPU.ActiveCfg = Debug|Any CPU
		{D0AF384B-BBFF-451F-986E-2780521C06E4}.Debug|Any CPU.Build.0 = Debug|Any CPU
		{D0AF384B-BBFF-451F-986E-2780521C06E4}.Release|Any CPU.ActiveCfg = Release|Any CPU
		{D0AF384B-BBFF-451F-986E-2780521C06E4}.Release|Any CPU.Build.0 = Release|Any CPU
	EndGlobalSection
	GlobalSection(SolutionProperties) = preSolution
		HideSolutionNode = FALSE
	EndGlobalSection
	GlobalSection(ExtensibilityGlobals) = postSolution
		SolutionGuid = {3E8FEF2A-91AC-4DBE-809A-7FE5293DF5E6}
	EndGlobalSection
EndGlobal
